// !$*UTF8*$!
{
	archiveVersion = 1;
	classes = {
	};
	objectVersion = 46;
	objects = {

/* Begin PBXBuildFile section */
		6CAE924D1BB1C93C007ABE9F /* main.m in Sources */ = {isa = PBXBuildFile; fileRef = 6CAE924C1BB1C93C007ABE9F /* main.m */; };
		6CAE92501BB1C93C007ABE9F /* AppDelegate.m in Sources */ = {isa = PBXBuildFile; fileRef = 6CAE924F1BB1C93C007ABE9F /* AppDelegate.m */; };
		6CAE92531BB1C93C007ABE9F /* ViewController.m in Sources */ = {isa = PBXBuildFile; fileRef = 6CAE92521BB1C93C007ABE9F /* ViewController.m */; };
		6CAE92561BB1C93C007ABE9F /* Main.storyboard in Resources */ = {isa = PBXBuildFile; fileRef = 6CAE92541BB1C93C007ABE9F /* Main.storyboard */; };
		6CAE92581BB1C93C007ABE9F /* Images.xcassets in Resources */ = {isa = PBXBuildFile; fileRef = 6CAE92571BB1C93C007ABE9F /* Images.xcassets */; };
		6CAE925B1BB1C93C007ABE9F /* LaunchScreen.xib in Resources */ = {isa = PBXBuildFile; fileRef = 6CAE92591BB1C93C007ABE9F /* LaunchScreen.xib */; };
		6CAE92671BB1C93C007ABE9F /* xibHeaderTableTests.m in Sources */ = {isa = PBXBuildFile; fileRef = 6CAE92661BB1C93C007ABE9F /* xibHeaderTableTests.m */; };
/* End PBXBuildFile section */

/* Begin PBXContainerItemProxy section */
		6CAE92611BB1C93C007ABE9F /* PBXContainerItemProxy */ = {
			isa = PBXContainerItemProxy;
			containerPortal = 6CAE923F1BB1C93C007ABE9F /* Project object */;
			proxyType = 1;
			remoteGlobalIDString = 6CAE92461BB1C93C007ABE9F;
			remoteInfo = xibHeaderTable;
		};
/* End PBXContainerItemProxy section */

/* Begin PBXFileReference section */
		6CAE92471BB1C93C007ABE9F /* xibHeaderTable.app */ = {isa = PBXFileReference; explicitFileType = wrapper.application; includeInIndex = 0; path = xibHeaderTable.app; sourceTree = BUILT_PRODUCTS_DIR; };
		6CAE924B1BB1C93C007ABE9F /* Info.plist */ = {isa = PBXFileReference; lastKnownFileType = text.plist.xml; path = Info.plist; sourceTree = "<group>"; };
		6CAE924C1BB1C93C007ABE9F /* main.m */ = {isa = PBXFileReference; lastKnownFileType = sourcecode.c.objc; path = main.m; sourceTree = "<group>"; };
		6CAE924E1BB1C93C007ABE9F /* AppDelegate.h */ = {isa = PBXFileReference; lastKnownFileType = sourcecode.c.h; path = AppDelegate.h; sourceTree = "<group>"; };
		6CAE924F1BB1C93C007ABE9F /* AppDelegate.m */ = {isa = PBXFileReference; lastKnownFileType = sourcecode.c.objc; path = AppDelegate.m; sourceTree = "<group>"; };
		6CAE92511BB1C93C007ABE9F /* ViewController.h */ = {isa = PBXFileReference; lastKnownFileType = sourcecode.c.h; path = ViewController.h; sourceTree = "<group>"; };
		6CAE92521BB1C93C007ABE9F /* ViewController.m */ = {isa = PBXFileReference; lastKnownFileType = sourcecode.c.objc; path = ViewController.m; sourceTree = "<group>"; };
		6CAE92551BB1C93C007ABE9F /* Base */ = {isa = PBXFileReference; lastKnownFileType = file.storyboard; name = Base; path = Base.lproj/Main.storyboard; sourceTree = "<group>"; };
		6CAE92571BB1C93C007ABE9F /* Images.xcassets */ = {isa = PBXFileReference; lastKnownFileType = folder.assetcatalog; path = Images.xcassets; sourceTree = "<group>"; };
		6CAE925A1BB1C93C007ABE9F /* Base */ = {isa = PBXFileReference; lastKnownFileType = file.xib; name = Base; path = Base.lproj/LaunchScreen.xib; sourceTree = "<group>"; };
		6CAE92601BB1C93C007ABE9F /* xibHeaderTableTests.xctest */ = {isa = PBXFileReference; explicitFileType = wrapper.cfbundle; includeInIndex = 0; path = xibHeaderTableTests.xctest; sourceTree = BUILT_PRODUCTS_DIR; };
		6CAE92651BB1C93C007ABE9F /* Info.plist */ = {isa = PBXFileReference; lastKnownFileType = text.plist.xml; path = Info.plist; sourceTree = "<group>"; };
		6CAE92661BB1C93C007ABE9F /* xibHeaderTableTests.m */ = {isa = PBXFileReference; lastKnownFileType = sourcecode.c.objc; path = xibHeaderTableTests.m; sourceTree = "<group>"; };
/* End PBXFileReference section */

/* Begin PBXFrameworksBuildPhase section */
		6CAE92441BB1C93C007ABE9F /* Frameworks */ = {
			isa = PBXFrameworksBuildPhase;
			buildActionMask = 2147483647;
			files = (
			);
			runOnlyForDeploymentPostprocessing = 0;
		};
		6CAE925D1BB1C93C007ABE9F /* Frameworks */ = {
			isa = PBXFrameworksBuildPhase;
			buildActionMask = 2147483647;
			files = (
			);
			runOnlyForDeploymentPostprocessing = 0;
		};
/* End PBXFrameworksBuildPhase section */

/* Begin PBXGroup section */
		6CAE923E1BB1C93C007ABE9F = {
			isa = PBXGroup;
			children = (
				6CAE92491BB1C93C007ABE9F /* xibHeaderTable */,
				6CAE92631BB1C93C007ABE9F /* xibHeaderTableTests */,
				6CAE92481BB1C93C007ABE9F /* Products */,
			);
			sourceTree = "<group>";
		};
		6CAE92481BB1C93C007ABE9F /* Products */ = {
			isa = PBXGroup;
			children = (
				6CAE92471BB1C93C007ABE9F /* xibHeaderTable.app */,
				6CAE92601BB1C93C007ABE9F /* xibHeaderTableTests.xctest */,
			);
			name = Products;
			sourceTree = "<group>";
		};
		6CAE92491BB1C93C007ABE9F /* xibHeaderTable */ = {
			isa = PBXGroup;
			children = (
				6CAE924E1BB1C93C007ABE9F /* AppDelegate.h */,
				6CAE924F1BB1C93C007ABE9F /* AppDelegate.m */,
				6CAE92511BB1C93C007ABE9F /* ViewController.h */,
				6CAE92521BB1C93C007ABE9F /* ViewController.m */,
				6CAE92541BB1C93C007ABE9F /* Main.storyboard */,
				6CAE92571BB1C93C007ABE9F /* Images.xcassets */,
				6CAE92591BB1C93C007ABE9F /* LaunchScreen.xib */,
				6CAE924A1BB1C93C007ABE9F /* Supporting Files */,
			);
			path = xibHeaderTable;
			sourceTree = "<group>";
		};
		6CAE924A1BB1C93C007ABE9F /* Supporting Files */ = {
			isa = PBXGroup;
			children = (
				6CAE924B1BB1C93C007ABE9F /* Info.plist */,
				6CAE924C1BB1C93C007ABE9F /* main.m */,
			);
			name = "Supporting Files";
			sourceTree = "<group>";
		};
		6CAE92631BB1C93C007ABE9F /* xibHeaderTableTests */ = {
			isa = PBXGroup;
			children = (
				6CAE92661BB1C93C007ABE9F /* xibHeaderTableTests.m */,
				6CAE92641BB1C93C007ABE9F /* Supporting Files */,
			);
			path = xibHeaderTableTests;
			sourceTree = "<group>";
		};
		6CAE92641BB1C93C007ABE9F /* Supporting Files */ = {
			isa = PBXGroup;
			children = (
				6CAE92651BB1C93C007ABE9F /* Info.plist */,
			);
			name = "Supporting Files";
			sourceTree = "<group>";
		};
/* End PBXGroup section */

/* Begin PBXNativeTarget section */
		6CAE92461BB1C93C007ABE9F /* xibHeaderTable */ = {
			isa = PBXNativeTarget;
			buildConfigurationList = 6CAE926A1BB1C93C007ABE9F /* Build configuration list for PBXNativeTarget "xibHeaderTable" */;
			buildPhases = (
				6CAE92431BB1C93C007ABE9F /* Sources */,
				6CAE92441BB1C93C007ABE9F /* Frameworks */,
				6CAE92451BB1C93C007ABE9F /* Resources */,
			);
			buildRules = (
			);
			dependencies = (
			);
			name = xibHeaderTable;
			productName = xibHeaderTable;
			productReference = 6CAE92471BB1C93C007ABE9F /* xibHeaderTable.app */;
			productType = "com.apple.product-type.application";
		};
		6CAE925F1BB1C93C007ABE9F /* xibHeaderTableTests */ = {
			isa = PBXNativeTarget;
			buildConfigurationList = 6CAE926D1BB1C93C007ABE9F /* Build configuration list for PBXNativeTarget "xibHeaderTableTests" */;
			buildPhases = (
				6CAE925C1BB1C93C007ABE9F /* Sources */,
				6CAE925D1BB1C93C007ABE9F /* Frameworks */,
				6CAE925E1BB1C93C007ABE9F /* Resources */,
			);
			buildRules = (
			);
			dependencies = (
				6CAE92621BB1C93C007ABE9F /* PBXTargetDependency */,
			);
			name = xibHeaderTableTests;
			productName = xibHeaderTableTests;
			productReference = 6CAE92601BB1C93C007ABE9F /* xibHeaderTableTests.xctest */;
			productType = "com.apple.product-type.bundle.unit-test";
		};
/* End PBXNativeTarget section */

/* Begin PBXProject section */
		6CAE923F1BB1C93C007ABE9F /* Project object */ = {
			isa = PBXProject;
			attributes = {
				LastUpgradeCheck = 0640;
				ORGANIZATIONNAME = MD;
				TargetAttributes = {
					6CAE92461BB1C93C007ABE9F = {
						CreatedOnToolsVersion = 6.4;
					};
					6CAE925F1BB1C93C007ABE9F = {
						CreatedOnToolsVersion = 6.4;
						TestTargetID = 6CAE92461BB1C93C007ABE9F;
					};
				};
			};
			buildConfigurationList = 6CAE92421BB1C93C007ABE9F /* Build configuration list for PBXProject "xibHeaderTable" */;
			compatibilityVersion = "Xcode 3.2";
			developmentRegion = English;
			hasScannedForEncodings = 0;
			knownRegions = (
				en,
				Base,
			);
			mainGroup = 6CAE923E1BB1C93C007ABE9F;
			productRefGroup = 6CAE92481BB1C93C007ABE9F /* Products */;
			projectDirPath = "";
			projectRoot = "";
			targets = (
				6CAE92461BB1C93C007ABE9F /* xibHeaderTable */,
				6CAE925F1BB1C93C007ABE9F /* xibHeaderTableTests */,
			);
		};
/* End PBXProject section */

/* Begin PBXResourcesBuildPhase section */
		6CAE92451BB1C93C007ABE9F /* Resources */ = {
			isa = PBXResourcesBuildPhase;
			buildActionMask = 2147483647;
			files = (
				6CAE92561BB1C93C007ABE9F /* Main.storyboard in Resources */,
				6CAE925B1BB1C93C007ABE9F /* LaunchScreen.xib in Resources */,
				6CAE92581BB1C93C007ABE9F /* Images.xcassets in Resources */,
			);
			runOnlyForDeploymentPostprocessing = 0;
		};
		6CAE925E1BB1C93C007ABE9F /* Resources */ = {
			isa = PBXResourcesBuildPhase;
			buildActionMask = 2147483647;
			files = (
			);
			runOnlyForDeploymentPostprocessing = 0;
		};
/* End PBXResourcesBuildPhase section */

/* Begin PBXSourcesBuildPhase section */
		6CAE92431BB1C93C007ABE9F /* Sources */ = {
			isa = PBXSourcesBuildPhase;
			buildActionMask = 2147483647;
			files = (
				6CAE92531BB1C93C007ABE9F /* ViewController.m in Sources */,
				6CAE92501BB1C93C007ABE9F /* AppDelegate.m in Sources */,
				6CAE924D1BB1C93C007ABE9F /* main.m in Sources */,
			);
			runOnlyForDeploymentPostprocessing = 0;
		};
		6CAE925C1BB1C93C007ABE9F /* Sources */ = {
			isa = PBXSourcesBuildPhase;
			buildActionMask = 2147483647;
			files = (
				6CAE92671BB1C93C007ABE9F /* xibHeaderTableTests.m in Sources */,
			);
			runOnlyForDeploymentPostprocessing = 0;
		};
/* End PBXSourcesBuildPhase section */

/* Begin PBXTargetDependency section */
		6CAE92621BB1C93C007ABE9F /* PBXTargetDependency */ = {
			isa = PBXTargetDependency;
			target = 6CAE92461BB1C93C007ABE9F /* xibHeaderTable */;
			targetProxy = 6CAE92611BB1C93C007ABE9F /* PBXContainerItemProxy */;
		};
/* End PBXTargetDependency section */

/* Begin PBXVariantGroup section */
		6CAE92541BB1C93C007ABE9F /* Main.storyboard */ = {
			isa = PBXVariantGroup;
			children = (
				6CAE92551BB1C93C007ABE9F /* Base */,
			);
			name = Main.storyboard;
			sourceTree = "<group>";
		};
		6CAE92591BB1C93C007ABE9F /* LaunchScreen.xib */ = {
			isa = PBXVariantGroup;
			children = (
				6CAE925A1BB1C93C007ABE9F /* Base */,
			);
			name = LaunchScreen.xib;
			sourceTree = "<group>";
		};
/* End PBXVariantGroup section */

/* Begin XCBuildConfiguration section */
		6CAE92681BB1C93C007ABE9F /* Debug */ = {
			isa = XCBuildConfiguration;
			buildSettings = {
				ALWAYS_SEARCH_USER_PATHS = NO;
				CLANG_CXX_LANGUAGE_STANDARD = "gnu++0x";
				CLANG_CXX_LIBRARY = "libc++";
				CLANG_ENABLE_MODULES = YES;
				CLANG_ENABLE_OBJC_ARC = YES;
				CLANG_WARN_BOOL_CONVERSION = YES;
				CLANG_WARN_CONSTANT_CONVERSION = YES;
				CLANG_WARN_DIRECT_OBJC_ISA_USAGE = YES_ERROR;
				CLANG_WARN_EMPTY_BODY = YES;
				CLANG_WARN_ENUM_CONVERSION = YES;
				CLANG_WARN_INT_CONVERSION = YES;
				CLANG_WARN_OBJC_ROOT_CLASS = YES_ERROR;
				CLANG_WARN_UNREACHABLE_CODE = YES;
				CLANG_WARN__DUPLICATE_METHOD_MATCH = YES;
				"CODE_SIGN_IDENTITY[sdk=iphoneos*]" = "iPhone Developer";
				COPY_PHASE_STRIP = NO;
				DEBUG_INFORMATION_FORMAT = "dwarf-with-dsym";
				ENABLE_STRICT_OBJC_MSGSEND = YES;
				GCC_C_LANGUAGE_STANDARD = gnu99;
				GCC_DYNAMIC_NO_PIC = NO;
				GCC_NO_COMMON_BLOCKS = YES;
				GCC_OPTIMIZATION_LEVEL = 0;
				GCC_PREPROCESSOR_DEFINITIONS = (
					"DEBUG=1",
					"$(inherited)",
				);
				GCC_SYMBOLS_PRIVATE_EXTERN = NO;
				GCC_WARN_64_TO_32_BIT_CONVERSION = YES;
				GCC_WARN_ABOUT_RETURN_TYPE = YES_ERROR;
				GCC_WARN_UNDECLARED_SELECTOR = YES;
				GCC_WARN_UNINITIALIZED_AUTOS = YES_AGGRESSIVE;
				GCC_WARN_UNUSED_FUNCTION = YES;
				GCC_WARN_UNUSED_VARIABLE = YES;
				IPHONEOS_DEPLOYMENT_TARGET = 8.4;
				MTL_ENABLE_DEBUG_INFO = YES;
				ONLY_ACTIVE_ARCH = YES;
				SDKROOT = iphoneos;
				TARGETED_DEVICE_FAMILY = "1,2";
			};
			name = Debug;
		};
		6CAE92691BB1C93C007ABE9F /* Release */ = {
			isa = XCBuildConfiguration;
			buildSettings = {
				ALWAYS_SEARCH_USER_PATHS = NO;
				CLANG_CXX_LANGUAGE_STANDARD = "gnu++0x";
				CLANG_CXX_LIBRARY = "libc++";
				CLANG_ENABLE_MODULES = YES;
				CLANG_ENABLE_OBJC_ARC = YES;
				CLANG_WARN_BOOL_CONVERSION = YES;
				CLANG_WARN_CONSTANT_CONVERSION = YES;
				CLANG_WARN_DIRECT_OBJC_ISA_USAGE = YES_ERROR;
				CLANG_WARN_EMPTY_BODY = YES;
				CLANG_WARN_ENUM_CONVERSION = YES;
				CLANG_WARN_INT_CONVERSION = YES;
				CLANG_WARN_OBJC_ROOT_CLASS = YES_ERROR;
				CLANG_WARN_UNREACHABLE_CODE = YES;
				CLANG_WARN__DUPLICATE_METHOD_MATCH = YES;
				"CODE_SIGN_IDENTITY[sdk=iphoneos*]" = "iPhone Developer";
				COPY_PHASE_STRIP = NO;
				DEBUG_INFORMATION_FORMAT = "dwarf-with-dsym";
				ENABLE_NS_ASSERTIONS = NO;
				ENABLE_STRICT_OBJC_MSGSEND = YES;
				GCC_C_LANGUAGE_STANDARD = gnu99;
				GCC_NO_COMMON_BLOCKS = YES;
				GCC_WARN_64_TO_32_BIT_CONVERSION = YES;
				GCC_WARN_ABOUT_RETURN_TYPE = YES_ERROR;
				GCC_WARN_UNDECLARED_SELECTOR = YES;
				GCC_WARN_UNINITIALIZED_AUTOS = YES_AGGRESSIVE;
				GCC_WARN_UNUSED_FUNCTION = YES;
				GCC_WARN_UNUSED_VARIABLE = YES;
				IPHONEOS_DEPLOYMENT_TARGET = 8.4;
				MTL_ENABLE_DEBUG_INFO = NO;
				SDKROOT = iphoneos;
				TARGETED_DEVICE_FAMILY = "1,2";
				VALIDATE_PRODUCT = YES;
			};
			name = Release;
		};
		6CAE926B1BB1C93C007ABE9F /* Debug */ = {
			isa = XCBuildConfiguration;
			buildSettings = {
				ASSETCATALOG_COMPILER_APPICON_NAME = AppIcon;
				INFOPLIST_FILE = xibHeaderTable/Info.plist;
				LD_RUNPATH_SEARCH_PATHS = "$(inherited) @executable_path/Frameworks";
				PRODUCT_NAME = "$(TARGET_NAME)";
			};
			name = Debug;
		};
		6CAE926C1BB1C93C007ABE9F /* Release */ = {
			isa = XCBuildConfiguration;
			buildSettings = {
				ASSETCATALOG_COMPILER_APPICON_NAME = AppIcon;
				INFOPLIST_FILE = xibHeaderTable/Info.plist;
				LD_RUNPATH_SEARCH_PATHS = "$(inherited) @executable_path/Frameworks";
				PRODUCT_NAME = "$(TARGET_NAME)";
			};
			name = Release;
		};
		6CAE926E1BB1C93C007ABE9F /* Debug */ = {
			isa = XCBuildConfiguration;
			buildSettings = {
				BUNDLE_LOADER = "$(TEST_HOST)";
				FRAMEWORK_SEARCH_PATHS = (
					"$(SDKROOT)/Developer/Library/Frameworks",
					"$(inherited)",
				);
				GCC_PREPROCESSOR_DEFINITIONS = (
					"DEBUG=1",
					"$(inherited)",
				);
				INFOPLIST_FILE = xibHeaderTableTests/Info.plist;
				LD_RUNPATH_SEARCH_PATHS = "$(inherited) @executable_path/Frameworks @loader_path/Frameworks";
				PRODUCT_NAME = "$(TARGET_NAME)";
				TEST_HOST = "$(BUILT_PRODUCTS_DIR)/xibHeaderTable.app/xibHeaderTable";
			};
			name = Debug;
		};
		6CAE926F1BB1C93C007ABE9F /* Release */ = {
			isa = XCBuildConfiguration;
			buildSettings = {
				BUNDLE_LOADER = "$(TEST_HOST)";
				FRAMEWORK_SEARCH_PATHS = (
					"$(SDKROOT)/Developer/Library/Frameworks",
					"$(inherited)",
				);
				INFOPLIST_FILE = xibHeaderTableTests/Info.plist;
				LD_RUNPATH_SEARCH_PATHS = "$(inherited) @executable_path/Frameworks @loader_path/Frameworks";
				PRODUCT_NAME = "$(TARGET_NAME)";
				TEST_HOST = "$(BUILT_PRODUCTS_DIR)/xibHeaderTable.app/xibHeaderTable";
			};
			name = Release;
		};
/* End XCBuildConfiguration section */

/* Begin XCConfigurationList section */
		6CAE92421BB1C93C007ABE9F /* Build configuration list for PBXProject "xibHeaderTable" */ = {
			isa = XCConfigurationList;
			buildConfigurations = (
				6CAE92681BB1C93C007ABE9F /* Debug */,
				6CAE92691BB1C93C007ABE9F /* Release */,
			);
			defaultConfigurationIsVisible = 0;
			defaultConfigurationName = Release;
		};
		6CAE926A1BB1C93C007ABE9F /* Build configuration list for PBXNativeTarget "xibHeaderTable" */ = {
			isa = XCConfigurationList;
			buildConfigurations = (
				6CAE926B1BB1C93C007ABE9F /* Debug */,
				6CAE926C1BB1C93C007ABE9F /* Release */,
			);
			defaultConfigurationIsVisible = 0;
		};
		6CAE926D1BB1C93C007ABE9F /* Build configuration list for PBXNativeTarget "xibHeaderTableTests" */ = {
			isa = XCConfigurationList;
			buildConfigurations = (
				6CAE926E1BB1C93C007ABE9F /* Debug */,
				6CAE926F1BB1C93C007ABE9F /* Release */,
			);
			defaultConfigurationIsVisible = 0;
		};
/* End XCConfigurationList section */
	};
	rootObject = 6CAE923F1BB1C93C007ABE9F /* Project object */;
}
